// !$*UTF8*$!
{
	archiveVersion = 1;
	classes = {
	};
	objectVersion = 55;
	objects = {

/* Begin PBXBuildFile section */
		133059DEAF619CDF400566A4 /* Pods_ToDoApp.framework in Frameworks */ = {isa = PBXBuildFile; fileRef = 91069623CBA2EBA9A1F94F11 /* Pods_ToDoApp.framework */; };
		B08716C82932410700FCC10A /* GradientView.swift in Sources */ = {isa = PBXBuildFile; fileRef = B08716C72932410700FCC10A /* GradientView.swift */; };
		B08716CD2932591200FCC10A /* TodoAPI.swift in Sources */ = {isa = PBXBuildFile; fileRef = B08716CC2932591200FCC10A /* TodoAPI.swift */; };
		B08716D5293262E200FCC10A /* NewTaskView.storyboard in Resources */ = {isa = PBXBuildFile; fileRef = B08716D1293262E200FCC10A /* NewTaskView.storyboard */; };
		B08716D6293262E200FCC10A /* NewTaskView.swift in Sources */ = {isa = PBXBuildFile; fileRef = B08716D2293262E200FCC10A /* NewTaskView.swift */; };
		B08716D7293262E200FCC10A /* NewTaskModel.swift in Sources */ = {isa = PBXBuildFile; fileRef = B08716D3293262E200FCC10A /* NewTaskModel.swift */; };
		B08716D8293262E200FCC10A /* NewTaskViewModel.swift in Sources */ = {isa = PBXBuildFile; fileRef = B08716D4293262E200FCC10A /* NewTaskViewModel.swift */; };
		B08716DB2932752700FCC10A /* IconCollectionViewCell.swift in Sources */ = {isa = PBXBuildFile; fileRef = B08716DA2932752700FCC10A /* IconCollectionViewCell.swift */; };
		B08716DE2932775400FCC10A /* TaskIcon.swift in Sources */ = {isa = PBXBuildFile; fileRef = B08716DD2932775400FCC10A /* TaskIcon.swift */; };
		B08986F52933578600F25F77 /* ToDoTableViewCell.swift in Sources */ = {isa = PBXBuildFile; fileRef = B08986F32933578600F25F77 /* ToDoTableViewCell.swift */; };
		B08986F62933578600F25F77 /* ToDoTableViewCell.xib in Resources */ = {isa = PBXBuildFile; fileRef = B08986F42933578600F25F77 /* ToDoTableViewCell.xib */; };
		B0A15D0F2931D2FB0018D98B /* AppDelegate.swift in Sources */ = {isa = PBXBuildFile; fileRef = B0A15D0E2931D2FB0018D98B /* AppDelegate.swift */; };
		B0A15D112931D2FB0018D98B /* SceneDelegate.swift in Sources */ = {isa = PBXBuildFile; fileRef = B0A15D102931D2FB0018D98B /* SceneDelegate.swift */; };
		B0A15D132931D2FB0018D98B /* MainViewController.swift in Sources */ = {isa = PBXBuildFile; fileRef = B0A15D122931D2FB0018D98B /* MainViewController.swift */; };
		B0A15D162931D2FB0018D98B /* Main.storyboard in Resources */ = {isa = PBXBuildFile; fileRef = B0A15D142931D2FB0018D98B /* Main.storyboard */; };
		B0A15D182931D2FD0018D98B /* Assets.xcassets in Resources */ = {isa = PBXBuildFile; fileRef = B0A15D172931D2FD0018D98B /* Assets.xcassets */; };
		B0A15D1B2931D2FD0018D98B /* LaunchScreen.storyboard in Resources */ = {isa = PBXBuildFile; fileRef = B0A15D192931D2FD0018D98B /* LaunchScreen.storyboard */; };
		B0D1DE372931E50B00494D1B /* LoginView.storyboard in Resources */ = {isa = PBXBuildFile; fileRef = B0D1DE332931E50B00494D1B /* LoginView.storyboard */; };
		B0D1DE382931E50B00494D1B /* LoginView.swift in Sources */ = {isa = PBXBuildFile; fileRef = B0D1DE342931E50B00494D1B /* LoginView.swift */; };
		B0D1DE392931E50B00494D1B /* LoginModel.swift in Sources */ = {isa = PBXBuildFile; fileRef = B0D1DE352931E50B00494D1B /* LoginModel.swift */; };
		B0D1DE3A2931E50B00494D1B /* LoginViewModel.swift in Sources */ = {isa = PBXBuildFile; fileRef = B0D1DE362931E50B00494D1B /* LoginViewModel.swift */; };
		B0D1DE3F2931E51400494D1B /* RegisterView.storyboard in Resources */ = {isa = PBXBuildFile; fileRef = B0D1DE3B2931E51400494D1B /* RegisterView.storyboard */; };
		B0D1DE402931E51400494D1B /* RegisterView.swift in Sources */ = {isa = PBXBuildFile; fileRef = B0D1DE3C2931E51400494D1B /* RegisterView.swift */; };
		B0D1DE412931E51400494D1B /* RegisterModel.swift in Sources */ = {isa = PBXBuildFile; fileRef = B0D1DE3D2931E51400494D1B /* RegisterModel.swift */; };
		B0D1DE422931E51400494D1B /* RegisterViewModel.swift in Sources */ = {isa = PBXBuildFile; fileRef = B0D1DE3E2931E51400494D1B /* RegisterViewModel.swift */; };
		B0D1DE482931F12F00494D1B /* ToDoListView.storyboard in Resources */ = {isa = PBXBuildFile; fileRef = B0D1DE442931F12F00494D1B /* ToDoListView.storyboard */; };
		B0D1DE492931F12F00494D1B /* ToDoListView.swift in Sources */ = {isa = PBXBuildFile; fileRef = B0D1DE452931F12F00494D1B /* ToDoListView.swift */; };
		B0D1DE4A2931F12F00494D1B /* ToDoListModel.swift in Sources */ = {isa = PBXBuildFile; fileRef = B0D1DE462931F12F00494D1B /* ToDoListModel.swift */; };
		B0D1DE4B2931F12F00494D1B /* ToDoListViewModel.swift in Sources */ = {isa = PBXBuildFile; fileRef = B0D1DE472931F12F00494D1B /* ToDoListViewModel.swift */; };
		B0D1DE6129320E1300494D1B /* ConnectivityContext.swift in Sources */ = {isa = PBXBuildFile; fileRef = B0D1DE6029320E1300494D1B /* ConnectivityContext.swift */; };
		B0D1DE6429320E8C00494D1B /* AuthenticateAPI.swift in Sources */ = {isa = PBXBuildFile; fileRef = B0D1DE6329320E8C00494D1B /* AuthenticateAPI.swift */; };
/* End PBXBuildFile section */

/* Begin PBXFileReference section */
		91069623CBA2EBA9A1F94F11 /* Pods_ToDoApp.framework */ = {isa = PBXFileReference; explicitFileType = wrapper.framework; includeInIndex = 0; path = Pods_ToDoApp.framework; sourceTree = BUILT_PRODUCTS_DIR; };
		B08716C72932410700FCC10A /* GradientView.swift */ = {isa = PBXFileReference; lastKnownFileType = sourcecode.swift; path = GradientView.swift; sourceTree = "<group>"; };
		B08716CC2932591200FCC10A /* TodoAPI.swift */ = {isa = PBXFileReference; lastKnownFileType = sourcecode.swift; path = TodoAPI.swift; sourceTree = "<group>"; };
		B08716D1293262E200FCC10A /* NewTaskView.storyboard */ = {isa = PBXFileReference; lastKnownFileType = file.storyboard; path = NewTaskView.storyboard; sourceTree = "<group>"; };
		B08716D2293262E200FCC10A /* NewTaskView.swift */ = {isa = PBXFileReference; lastKnownFileType = sourcecode.swift; path = NewTaskView.swift; sourceTree = "<group>"; };
		B08716D3293262E200FCC10A /* NewTaskModel.swift */ = {isa = PBXFileReference; lastKnownFileType = sourcecode.swift; path = NewTaskModel.swift; sourceTree = "<group>"; };
		B08716D4293262E200FCC10A /* NewTaskViewModel.swift */ = {isa = PBXFileReference; lastKnownFileType = sourcecode.swift; path = NewTaskViewModel.swift; sourceTree = "<group>"; };
		B08716DA2932752700FCC10A /* IconCollectionViewCell.swift */ = {isa = PBXFileReference; lastKnownFileType = sourcecode.swift; path = IconCollectionViewCell.swift; sourceTree = "<group>"; };
		B08716DD2932775400FCC10A /* TaskIcon.swift */ = {isa = PBXFileReference; lastKnownFileType = sourcecode.swift; path = TaskIcon.swift; sourceTree = "<group>"; };
		B08986F32933578600F25F77 /* ToDoTableViewCell.swift */ = {isa = PBXFileReference; lastKnownFileType = sourcecode.swift; path = ToDoTableViewCell.swift; sourceTree = "<group>"; };
		B08986F42933578600F25F77 /* ToDoTableViewCell.xib */ = {isa = PBXFileReference; lastKnownFileType = file.xib; path = ToDoTableViewCell.xib; sourceTree = "<group>"; };
		B0A15D0B2931D2FB0018D98B /* ToDoApp.app */ = {isa = PBXFileReference; explicitFileType = wrapper.application; includeInIndex = 0; path = ToDoApp.app; sourceTree = BUILT_PRODUCTS_DIR; };
		B0A15D0E2931D2FB0018D98B /* AppDelegate.swift */ = {isa = PBXFileReference; lastKnownFileType = sourcecode.swift; path = AppDelegate.swift; sourceTree = "<group>"; };
		B0A15D102931D2FB0018D98B /* SceneDelegate.swift */ = {isa = PBXFileReference; lastKnownFileType = sourcecode.swift; path = SceneDelegate.swift; sourceTree = "<group>"; };
		B0A15D122931D2FB0018D98B /* MainViewController.swift */ = {isa = PBXFileReference; lastKnownFileType = sourcecode.swift; path = MainViewController.swift; sourceTree = "<group>"; };
		B0A15D152931D2FB0018D98B /* Base */ = {isa = PBXFileReference; lastKnownFileType = file.storyboard; name = Base; path = Base.lproj/Main.storyboard; sourceTree = "<group>"; };
		B0A15D172931D2FD0018D98B /* Assets.xcassets */ = {isa = PBXFileReference; lastKnownFileType = folder.assetcatalog; path = Assets.xcassets; sourceTree = "<group>"; };
		B0A15D1A2931D2FD0018D98B /* Base */ = {isa = PBXFileReference; lastKnownFileType = file.storyboard; name = Base; path = Base.lproj/LaunchScreen.storyboard; sourceTree = "<group>"; };
		B0A15D1C2931D2FD0018D98B /* Info.plist */ = {isa = PBXFileReference; lastKnownFileType = text.plist.xml; path = Info.plist; sourceTree = "<group>"; };
		B0D1DE332931E50B00494D1B /* LoginView.storyboard */ = {isa = PBXFileReference; lastKnownFileType = file.storyboard; path = LoginView.storyboard; sourceTree = "<group>"; };
		B0D1DE342931E50B00494D1B /* LoginView.swift */ = {isa = PBXFileReference; lastKnownFileType = sourcecode.swift; path = LoginView.swift; sourceTree = "<group>"; };
		B0D1DE352931E50B00494D1B /* LoginModel.swift */ = {isa = PBXFileReference; lastKnownFileType = sourcecode.swift; path = LoginModel.swift; sourceTree = "<group>"; };
		B0D1DE362931E50B00494D1B /* LoginViewModel.swift */ = {isa = PBXFileReference; lastKnownFileType = sourcecode.swift; path = LoginViewModel.swift; sourceTree = "<group>"; };
		B0D1DE3B2931E51400494D1B /* RegisterView.storyboard */ = {isa = PBXFileReference; lastKnownFileType = file.storyboard; path = RegisterView.storyboard; sourceTree = "<group>"; };
		B0D1DE3C2931E51400494D1B /* RegisterView.swift */ = {isa = PBXFileReference; lastKnownFileType = sourcecode.swift; path = RegisterView.swift; sourceTree = "<group>"; };
		B0D1DE3D2931E51400494D1B /* RegisterModel.swift */ = {isa = PBXFileReference; lastKnownFileType = sourcecode.swift; path = RegisterModel.swift; sourceTree = "<group>"; };
		B0D1DE3E2931E51400494D1B /* RegisterViewModel.swift */ = {isa = PBXFileReference; lastKnownFileType = sourcecode.swift; path = RegisterViewModel.swift; sourceTree = "<group>"; };
		B0D1DE442931F12F00494D1B /* ToDoListView.storyboard */ = {isa = PBXFileReference; lastKnownFileType = file.storyboard; path = ToDoListView.storyboard; sourceTree = "<group>"; };
		B0D1DE452931F12F00494D1B /* ToDoListView.swift */ = {isa = PBXFileReference; lastKnownFileType = sourcecode.swift; path = ToDoListView.swift; sourceTree = "<group>"; };
		B0D1DE462931F12F00494D1B /* ToDoListModel.swift */ = {isa = PBXFileReference; lastKnownFileType = sourcecode.swift; path = ToDoListModel.swift; sourceTree = "<group>"; };
		B0D1DE472931F12F00494D1B /* ToDoListViewModel.swift */ = {isa = PBXFileReference; lastKnownFileType = sourcecode.swift; path = ToDoListViewModel.swift; sourceTree = "<group>"; };
		B0D1DE6029320E1300494D1B /* ConnectivityContext.swift */ = {isa = PBXFileReference; lastKnownFileType = sourcecode.swift; path = ConnectivityContext.swift; sourceTree = "<group>"; };
		B0D1DE6329320E8C00494D1B /* AuthenticateAPI.swift */ = {isa = PBXFileReference; lastKnownFileType = sourcecode.swift; path = AuthenticateAPI.swift; sourceTree = "<group>"; };
		DBDC94E501492756B8919927 /* Pods-ToDoApp.release.xcconfig */ = {isa = PBXFileReference; includeInIndex = 1; lastKnownFileType = text.xcconfig; name = "Pods-ToDoApp.release.xcconfig"; path = "Target Support Files/Pods-ToDoApp/Pods-ToDoApp.release.xcconfig"; sourceTree = "<group>"; };
		DF67381A7604828849463267 /* Pods-ToDoApp.debug.xcconfig */ = {isa = PBXFileReference; includeInIndex = 1; lastKnownFileType = text.xcconfig; name = "Pods-ToDoApp.debug.xcconfig"; path = "Target Support Files/Pods-ToDoApp/Pods-ToDoApp.debug.xcconfig"; sourceTree = "<group>"; };
/* End PBXFileReference section */

/* Begin PBXFrameworksBuildPhase section */
		B0A15D082931D2FB0018D98B /* Frameworks */ = {
			isa = PBXFrameworksBuildPhase;
			buildActionMask = 2147483647;
			files = (
				133059DEAF619CDF400566A4 /* Pods_ToDoApp.framework in Frameworks */,
			);
			runOnlyForDeploymentPostprocessing = 0;
		};
/* End PBXFrameworksBuildPhase section */

/* Begin PBXGroup section */
		8F2610AF45C51857FA4DF6F8 /* Pods */ = {
			isa = PBXGroup;
			children = (
				DF67381A7604828849463267 /* Pods-ToDoApp.debug.xcconfig */,
				DBDC94E501492756B8919927 /* Pods-ToDoApp.release.xcconfig */,
			);
			path = Pods;
			sourceTree = "<group>";
		};
		B0273FFE2933574D00C4FD37 /* ToDoCell */ = {
			isa = PBXGroup;
			children = (
				B08986F32933578600F25F77 /* ToDoTableViewCell.swift */,
				B08986F42933578600F25F77 /* ToDoTableViewCell.xib */,
			);
			path = ToDoCell;
			sourceTree = "<group>";
		};
		B08716C6293240EC00FCC10A /* GradientView */ = {
			isa = PBXGroup;
			children = (
				B08716C72932410700FCC10A /* GradientView.swift */,
			);
			path = GradientView;
			sourceTree = "<group>";
		};
		B08716D0293262D900FCC10A /* NewTask */ = {
			isa = PBXGroup;
			children = (
				B08716D92932751200FCC10A /* CollectionViewCell */,
				B08716D1293262E200FCC10A /* NewTaskView.storyboard */,
				B08716D2293262E200FCC10A /* NewTaskView.swift */,
				B08716D3293262E200FCC10A /* NewTaskModel.swift */,
				B08716D4293262E200FCC10A /* NewTaskViewModel.swift */,
			);
			path = NewTask;
			sourceTree = "<group>";
		};
		B08716D92932751200FCC10A /* CollectionViewCell */ = {
			isa = PBXGroup;
			children = (
				B08716DA2932752700FCC10A /* IconCollectionViewCell.swift */,
			);
			path = CollectionViewCell;
			sourceTree = "<group>";
		};
		B08716DC2932773000FCC10A /* TaskIcon */ = {
			isa = PBXGroup;
			children = (
				B08716DD2932775400FCC10A /* TaskIcon.swift */,
			);
			path = TaskIcon;
			sourceTree = "<group>";
		};
		B0A15D022931D2FB0018D98B = {
			isa = PBXGroup;
			children = (
				B0A15D0D2931D2FB0018D98B /* ToDoApp */,
				B0A15D0C2931D2FB0018D98B /* Products */,
				8F2610AF45C51857FA4DF6F8 /* Pods */,
				EE886A8E09F4B1BFE78C8CF9 /* Frameworks */,
			);
			sourceTree = "<group>";
		};
		B0A15D0C2931D2FB0018D98B /* Products */ = {
			isa = PBXGroup;
			children = (
				B0A15D0B2931D2FB0018D98B /* ToDoApp.app */,
			);
			name = Products;
			sourceTree = "<group>";
		};
		B0A15D0D2931D2FB0018D98B /* ToDoApp */ = {
			isa = PBXGroup;
			children = (
				B08716DC2932773000FCC10A /* TaskIcon */,
				B08716C6293240EC00FCC10A /* GradientView */,
				B0D1DE5F29320DED00494D1B /* Connectivity */,
				B0D1DE4C2931F13700494D1B /* ToDo */,
				B0D1DE302931E4F500494D1B /* Authenticate */,
				B0D1DE2F2931E4E300494D1B /* Common */,
				B0A15D172931D2FD0018D98B /* Assets.xcassets */,
				B0A15D192931D2FD0018D98B /* LaunchScreen.storyboard */,
				B0A15D1C2931D2FD0018D98B /* Info.plist */,
			);
			path = ToDoApp;
			sourceTree = "<group>";
		};
		B0D1DE2F2931E4E300494D1B /* Common */ = {
			isa = PBXGroup;
			children = (
				B0A15D0E2931D2FB0018D98B /* AppDelegate.swift */,
				B0A15D102931D2FB0018D98B /* SceneDelegate.swift */,
				B0A15D122931D2FB0018D98B /* MainViewController.swift */,
				B0A15D142931D2FB0018D98B /* Main.storyboard */,
			);
			path = Common;
			sourceTree = "<group>";
		};
		B0D1DE302931E4F500494D1B /* Authenticate */ = {
			isa = PBXGroup;
			children = (
				B0D1DE322931E50200494D1B /* Login */,
				B0D1DE312931E4FD00494D1B /* Register */,
			);
			path = Authenticate;
			sourceTree = "<group>";
		};
		B0D1DE312931E4FD00494D1B /* Register */ = {
			isa = PBXGroup;
			children = (
				B0D1DE3B2931E51400494D1B /* RegisterView.storyboard */,
				B0D1DE3C2931E51400494D1B /* RegisterView.swift */,
				B0D1DE3D2931E51400494D1B /* RegisterModel.swift */,
				B0D1DE3E2931E51400494D1B /* RegisterViewModel.swift */,
			);
			path = Register;
			sourceTree = "<group>";
		};
		B0D1DE322931E50200494D1B /* Login */ = {
			isa = PBXGroup;
			children = (
				B0D1DE332931E50B00494D1B /* LoginView.storyboard */,
				B0D1DE342931E50B00494D1B /* LoginView.swift */,
				B0D1DE352931E50B00494D1B /* LoginModel.swift */,
				B0D1DE362931E50B00494D1B /* LoginViewModel.swift */,
			);
			path = Login;
			sourceTree = "<group>";
		};
		B0D1DE432931F12200494D1B /* ToDoList */ = {
			isa = PBXGroup;
			children = (
				B0273FFE2933574D00C4FD37 /* ToDoCell */,
				B0D1DE442931F12F00494D1B /* ToDoListView.storyboard */,
				B0D1DE452931F12F00494D1B /* ToDoListView.swift */,
				B0D1DE462931F12F00494D1B /* ToDoListModel.swift */,
				B0D1DE472931F12F00494D1B /* ToDoListViewModel.swift */,
			);
			path = ToDoList;
			sourceTree = "<group>";
		};
		B0D1DE4C2931F13700494D1B /* ToDo */ = {
			isa = PBXGroup;
			children = (
				B08716D0293262D900FCC10A /* NewTask */,
				B0D1DE432931F12200494D1B /* ToDoList */,
			);
			path = ToDo;
			sourceTree = "<group>";
		};
		B0D1DE5F29320DED00494D1B /* Connectivity */ = {
			isa = PBXGroup;
			children = (
				B0D1DE6229320E6900494D1B /* API */,
				B0D1DE6029320E1300494D1B /* ConnectivityContext.swift */,
			);
			path = Connectivity;
			sourceTree = "<group>";
		};
		B0D1DE6229320E6900494D1B /* API */ = {
			isa = PBXGroup;
			children = (
				B0D1DE6329320E8C00494D1B /* AuthenticateAPI.swift */,
				B08716CC2932591200FCC10A /* TodoAPI.swift */,
			);
			path = API;
			sourceTree = "<group>";
		};
		EE886A8E09F4B1BFE78C8CF9 /* Frameworks */ = {
			isa = PBXGroup;
			children = (
				91069623CBA2EBA9A1F94F11 /* Pods_ToDoApp.framework */,
			);
			name = Frameworks;
			sourceTree = "<group>";
		};
/* End PBXGroup section */

/* Begin PBXNativeTarget section */
		B0A15D0A2931D2FB0018D98B /* ToDoApp */ = {
			isa = PBXNativeTarget;
			buildConfigurationList = B0A15D1F2931D2FD0018D98B /* Build configuration list for PBXNativeTarget "ToDoApp" */;
			buildPhases = (
				59326CF8BF972FBFB799F509 /* [CP] Check Pods Manifest.lock */,
				B0A15D072931D2FB0018D98B /* Sources */,
				B0A15D082931D2FB0018D98B /* Frameworks */,
				B0A15D092931D2FB0018D98B /* Resources */,
				B3F7020277E94D30B7C216DC /* [CP] Embed Pods Frameworks */,
			);
			buildRules = (
			);
			dependencies = (
			);
			name = ToDoApp;
			productName = ToDoApp;
			productReference = B0A15D0B2931D2FB0018D98B /* ToDoApp.app */;
			productType = "com.apple.product-type.application";
		};
/* End PBXNativeTarget section */

/* Begin PBXProject section */
		B0A15D032931D2FB0018D98B /* Project object */ = {
			isa = PBXProject;
			attributes = {
				BuildIndependentTargetsInParallel = 1;
				LastSwiftUpdateCheck = 1400;
				LastUpgradeCheck = 1400;
				TargetAttributes = {
					B0A15D0A2931D2FB0018D98B = {
						CreatedOnToolsVersion = 14.0.1;
					};
				};
			};
			buildConfigurationList = B0A15D062931D2FB0018D98B /* Build configuration list for PBXProject "ToDoApp" */;
			compatibilityVersion = "Xcode 13.0";
			developmentRegion = en;
			hasScannedForEncodings = 0;
			knownRegions = (
				en,
				Base,
			);
			mainGroup = B0A15D022931D2FB0018D98B;
			productRefGroup = B0A15D0C2931D2FB0018D98B /* Products */;
			projectDirPath = "";
			projectRoot = "";
			targets = (
				B0A15D0A2931D2FB0018D98B /* ToDoApp */,
			);
		};
/* End PBXProject section */

/* Begin PBXResourcesBuildPhase section */
		B0A15D092931D2FB0018D98B /* Resources */ = {
			isa = PBXResourcesBuildPhase;
			buildActionMask = 2147483647;
			files = (
				B0A15D1B2931D2FD0018D98B /* LaunchScreen.storyboard in Resources */,
				B0A15D182931D2FD0018D98B /* Assets.xcassets in Resources */,
				B0D1DE3F2931E51400494D1B /* RegisterView.storyboard in Resources */,
				B0A15D162931D2FB0018D98B /* Main.storyboard in Resources */,
				B0D1DE372931E50B00494D1B /* LoginView.storyboard in Resources */,
				B08716D5293262E200FCC10A /* NewTaskView.storyboard in Resources */,
				B0D1DE482931F12F00494D1B /* ToDoListView.storyboard in Resources */,
				B08986F62933578600F25F77 /* ToDoTableViewCell.xib in Resources */,
			);
			runOnlyForDeploymentPostprocessing = 0;
		};
/* End PBXResourcesBuildPhase section */

/* Begin PBXShellScriptBuildPhase section */
		59326CF8BF972FBFB799F509 /* [CP] Check Pods Manifest.lock */ = {
			isa = PBXShellScriptBuildPhase;
			buildActionMask = 2147483647;
			files = (
			);
			inputFileListPaths = (
			);
			inputPaths = (
				"${PODS_PODFILE_DIR_PATH}/Podfile.lock",
				"${PODS_ROOT}/Manifest.lock",
			);
			name = "[CP] Check Pods Manifest.lock";
			outputFileListPaths = (
			);
			outputPaths = (
				"$(DERIVED_FILE_DIR)/Pods-ToDoApp-checkManifestLockResult.txt",
			);
			runOnlyForDeploymentPostprocessing = 0;
			shellPath = /bin/sh;
			shellScript = "diff \"${PODS_PODFILE_DIR_PATH}/Podfile.lock\" \"${PODS_ROOT}/Manifest.lock\" > /dev/null\nif [ $? != 0 ] ; then\n    # print error to STDERR\n    echo \"error: The sandbox is not in sync with the Podfile.lock. Run 'pod install' or update your CocoaPods installation.\" >&2\n    exit 1\nfi\n# This output is used by Xcode 'outputs' to avoid re-running this script phase.\necho \"SUCCESS\" > \"${SCRIPT_OUTPUT_FILE_0}\"\n";
			showEnvVarsInLog = 0;
		};
		B3F7020277E94D30B7C216DC /* [CP] Embed Pods Frameworks */ = {
			isa = PBXShellScriptBuildPhase;
			buildActionMask = 2147483647;
			files = (
			);
			inputFileListPaths = (
				"${PODS_ROOT}/Target Support Files/Pods-ToDoApp/Pods-ToDoApp-frameworks-${CONFIGURATION}-input-files.xcfilelist",
			);
			name = "[CP] Embed Pods Frameworks";
			outputFileListPaths = (
				"${PODS_ROOT}/Target Support Files/Pods-ToDoApp/Pods-ToDoApp-frameworks-${CONFIGURATION}-output-files.xcfilelist",
			);
			runOnlyForDeploymentPostprocessing = 0;
			shellPath = /bin/sh;
			shellScript = "\"${PODS_ROOT}/Target Support Files/Pods-ToDoApp/Pods-ToDoApp-frameworks.sh\"\n";
			showEnvVarsInLog = 0;
		};
/* End PBXShellScriptBuildPhase section */

/* Begin PBXSourcesBuildPhase section */
		B0A15D072931D2FB0018D98B /* Sources */ = {
			isa = PBXSourcesBuildPhase;
			buildActionMask = 2147483647;
			files = (
				B0D1DE4B2931F12F00494D1B /* ToDoListViewModel.swift in Sources */,
				B0D1DE392931E50B00494D1B /* LoginModel.swift in Sources */,
				B08716D6293262E200FCC10A /* NewTaskView.swift in Sources */,
				B08716DE2932775400FCC10A /* TaskIcon.swift in Sources */,
				B0A15D132931D2FB0018D98B /* MainViewController.swift in Sources */,
				B0D1DE3A2931E50B00494D1B /* LoginViewModel.swift in Sources */,
				B08716DB2932752700FCC10A /* IconCollectionViewCell.swift in Sources */,
				B0D1DE402931E51400494D1B /* RegisterView.swift in Sources */,
				B0D1DE492931F12F00494D1B /* ToDoListView.swift in Sources */,
				B08716D7293262E200FCC10A /* NewTaskModel.swift in Sources */,
				B08716C82932410700FCC10A /* GradientView.swift in Sources */,
				B08986F52933578600F25F77 /* ToDoTableViewCell.swift in Sources */,
				B0D1DE6129320E1300494D1B /* ConnectivityContext.swift in Sources */,
				B08716D8293262E200FCC10A /* NewTaskViewModel.swift in Sources */,
				B0D1DE412931E51400494D1B /* RegisterModel.swift in Sources */,
				B0A15D0F2931D2FB0018D98B /* AppDelegate.swift in Sources */,
				B0D1DE6429320E8C00494D1B /* AuthenticateAPI.swift in Sources */,
				B0D1DE382931E50B00494D1B /* LoginView.swift in Sources */,
				B08716CD2932591200FCC10A /* TodoAPI.swift in Sources */,
				B0D1DE422931E51400494D1B /* RegisterViewModel.swift in Sources */,
				B0D1DE4A2931F12F00494D1B /* ToDoListModel.swift in Sources */,
				B0A15D112931D2FB0018D98B /* SceneDelegate.swift in Sources */,
			);
			runOnlyForDeploymentPostprocessing = 0;
		};
/* End PBXSourcesBuildPhase section */

/* Begin PBXVariantGroup section */
		B0A15D142931D2FB0018D98B /* Main.storyboard */ = {
			isa = PBXVariantGroup;
			children = (
				B0A15D152931D2FB0018D98B /* Base */,
			);
			name = Main.storyboard;
			sourceTree = "<group>";
		};
		B0A15D192931D2FD0018D98B /* LaunchScreen.storyboard */ = {
			isa = PBXVariantGroup;
			children = (
				B0A15D1A2931D2FD0018D98B /* Base */,
			);
			name = LaunchScreen.storyboard;
			sourceTree = "<group>";
		};
/* End PBXVariantGroup section */

/* Begin XCBuildConfiguration section */
		B0A15D1D2931D2FD0018D98B /* Debug */ = {
			isa = XCBuildConfiguration;
			buildSettings = {
				ALWAYS_SEARCH_USER_PATHS = NO;
				CLANG_ANALYZER_NONNULL = YES;
				CLANG_ANALYZER_NUMBER_OBJECT_CONVERSION = YES_AGGRESSIVE;
				CLANG_CXX_LANGUAGE_STANDARD = "gnu++20";
				CLANG_ENABLE_MODULES = YES;
				CLANG_ENABLE_OBJC_ARC = YES;
				CLANG_ENABLE_OBJC_WEAK = YES;
				CLANG_WARN_BLOCK_CAPTURE_AUTORELEASING = YES;
				CLANG_WARN_BOOL_CONVERSION = YES;
				CLANG_WARN_COMMA = YES;
				CLANG_WARN_CONSTANT_CONVERSION = YES;
				CLANG_WARN_DEPRECATED_OBJC_IMPLEMENTATIONS = YES;
				CLANG_WARN_DIRECT_OBJC_ISA_USAGE = YES_ERROR;
				CLANG_WARN_DOCUMENTATION_COMMENTS = YES;
				CLANG_WARN_EMPTY_BODY = YES;
				CLANG_WARN_ENUM_CONVERSION = YES;
				CLANG_WARN_INFINITE_RECURSION = YES;
				CLANG_WARN_INT_CONVERSION = YES;
				CLANG_WARN_NON_LITERAL_NULL_CONVERSION = YES;
				CLANG_WARN_OBJC_IMPLICIT_RETAIN_SELF = YES;
				CLANG_WARN_OBJC_LITERAL_CONVERSION = YES;
				CLANG_WARN_OBJC_ROOT_CLASS = YES_ERROR;
				CLANG_WARN_QUOTED_INCLUDE_IN_FRAMEWORK_HEADER = YES;
				CLANG_WARN_RANGE_LOOP_ANALYSIS = YES;
				CLANG_WARN_STRICT_PROTOTYPES = YES;
				CLANG_WARN_SUSPICIOUS_MOVE = YES;
				CLANG_WARN_UNGUARDED_AVAILABILITY = YES_AGGRESSIVE;
				CLANG_WARN_UNREACHABLE_CODE = YES;
				CLANG_WARN__DUPLICATE_METHOD_MATCH = YES;
				COPY_PHASE_STRIP = NO;
				DEBUG_INFORMATION_FORMAT = dwarf;
				ENABLE_STRICT_OBJC_MSGSEND = YES;
				ENABLE_TESTABILITY = YES;
				GCC_C_LANGUAGE_STANDARD = gnu11;
				GCC_DYNAMIC_NO_PIC = NO;
				GCC_NO_COMMON_BLOCKS = YES;
				GCC_OPTIMIZATION_LEVEL = 0;
				GCC_PREPROCESSOR_DEFINITIONS = (
					"DEBUG=1",
					"$(inherited)",
				);
				GCC_WARN_64_TO_32_BIT_CONVERSION = YES;
				GCC_WARN_ABOUT_RETURN_TYPE = YES_ERROR;
				GCC_WARN_UNDECLARED_SELECTOR = YES;
				GCC_WARN_UNINITIALIZED_AUTOS = YES_AGGRESSIVE;
				GCC_WARN_UNUSED_FUNCTION = YES;
				GCC_WARN_UNUSED_VARIABLE = YES;
				IPHONEOS_DEPLOYMENT_TARGET = 16.0;
				MTL_ENABLE_DEBUG_INFO = INCLUDE_SOURCE;
				MTL_FAST_MATH = YES;
				ONLY_ACTIVE_ARCH = YES;
				SDKROOT = iphoneos;
				SWIFT_ACTIVE_COMPILATION_CONDITIONS = DEBUG;
				SWIFT_OPTIMIZATION_LEVEL = "-Onone";
			};
			name = Debug;
		};
		B0A15D1E2931D2FD0018D98B /* Release */ = {
			isa = XCBuildConfiguration;
			buildSettings = {
				ALWAYS_SEARCH_USER_PATHS = NO;
				CLANG_ANALYZER_NONNULL = YES;
				CLANG_ANALYZER_NUMBER_OBJECT_CONVERSION = YES_AGGRESSIVE;
				CLANG_CXX_LANGUAGE_STANDARD = "gnu++20";
				CLANG_ENABLE_MODULES = YES;
				CLANG_ENABLE_OBJC_ARC = YES;
				CLANG_ENABLE_OBJC_WEAK = YES;
				CLANG_WARN_BLOCK_CAPTURE_AUTORELEASING = YES;
				CLANG_WARN_BOOL_CONVERSION = YES;
				CLANG_WARN_COMMA = YES;
				CLANG_WARN_CONSTANT_CONVERSION = YES;
				CLANG_WARN_DEPRECATED_OBJC_IMPLEMENTATIONS = YES;
				CLANG_WARN_DIRECT_OBJC_ISA_USAGE = YES_ERROR;
				CLANG_WARN_DOCUMENTATION_COMMENTS = YES;
				CLANG_WARN_EMPTY_BODY = YES;
				CLANG_WARN_ENUM_CONVERSION = YES;
				CLANG_WARN_INFINITE_RECURSION = YES;
				CLANG_WARN_INT_CONVERSION = YES;
				CLANG_WARN_NON_LITERAL_NULL_CONVERSION = YES;
				CLANG_WARN_OBJC_IMPLICIT_RETAIN_SELF = YES;
				CLANG_WARN_OBJC_LITERAL_CONVERSION = YES;
				CLANG_WARN_OBJC_ROOT_CLASS = YES_ERROR;
				CLANG_WARN_QUOTED_INCLUDE_IN_FRAMEWORK_HEADER = YES;
				CLANG_WARN_RANGE_LOOP_ANALYSIS = YES;
				CLANG_WARN_STRICT_PROTOTYPES = YES;
				CLANG_WARN_SUSPICIOUS_MOVE = YES;
				CLANG_WARN_UNGUARDED_AVAILABILITY = YES_AGGRESSIVE;
				CLANG_WARN_UNREACHABLE_CODE = YES;
				CLANG_WARN__DUPLICATE_METHOD_MATCH = YES;
				COPY_PHASE_STRIP = NO;
				DEBUG_INFORMATION_FORMAT = "dwarf-with-dsym";
				ENABLE_NS_ASSERTIONS = NO;
				ENABLE_STRICT_OBJC_MSGSEND = YES;
				GCC_C_LANGUAGE_STANDARD = gnu11;
				GCC_NO_COMMON_BLOCKS = YES;
				GCC_WARN_64_TO_32_BIT_CONVERSION = YES;
				GCC_WARN_ABOUT_RETURN_TYPE = YES_ERROR;
				GCC_WARN_UNDECLARED_SELECTOR = YES;
				GCC_WARN_UNINITIALIZED_AUTOS = YES_AGGRESSIVE;
				GCC_WARN_UNUSED_FUNCTION = YES;
				GCC_WARN_UNUSED_VARIABLE = YES;
				IPHONEOS_DEPLOYMENT_TARGET = 16.0;
				MTL_ENABLE_DEBUG_INFO = NO;
				MTL_FAST_MATH = YES;
				SDKROOT = iphoneos;
				SWIFT_COMPILATION_MODE = wholemodule;
				SWIFT_OPTIMIZATION_LEVEL = "-O";
				VALIDATE_PRODUCT = YES;
			};
			name = Release;
		};
		B0A15D202931D2FD0018D98B /* Debug */ = {
			isa = XCBuildConfiguration;
			baseConfigurationReference = DF67381A7604828849463267 /* Pods-ToDoApp.debug.xcconfig */;
			buildSettings = {
				ASSETCATALOG_COMPILER_APPICON_NAME = AppIcon;
				ASSETCATALOG_COMPILER_GLOBAL_ACCENT_COLOR_NAME = AccentColor;
				CODE_SIGN_STYLE = Automatic;
				CURRENT_PROJECT_VERSION = 1;
				GENERATE_INFOPLIST_FILE = YES;
				INFOPLIST_FILE = ToDoApp/Info.plist;
				INFOPLIST_KEY_UIApplicationSupportsIndirectInputEvents = YES;
				INFOPLIST_KEY_UILaunchStoryboardName = LaunchScreen.storyboard;
				INFOPLIST_KEY_UIMainStoryboardFile = LoginView;
				INFOPLIST_KEY_UISupportedInterfaceOrientations_iPad = "UIInterfaceOrientationPortrait UIInterfaceOrientationPortraitUpsideDown UIInterfaceOrientationLandscapeLeft UIInterfaceOrientationLandscapeRight";
				INFOPLIST_KEY_UISupportedInterfaceOrientations_iPhone = "UIInterfaceOrientationPortrait UIInterfaceOrientationLandscapeLeft UIInterfaceOrientationLandscapeRight";
				IPHONEOS_DEPLOYMENT_TARGET = 12.0;
				LD_RUNPATH_SEARCH_PATHS = (
					"$(inherited)",
					"@executable_path/Frameworks",
				);
				MARKETING_VERSION = 1.0;
				PRODUCT_BUNDLE_IDENTIFIER = todoForTest.com.ToDoApp;
				PRODUCT_NAME = "$(TARGET_NAME)";
				SWIFT_EMIT_LOC_STRINGS = YES;
				SWIFT_VERSION = 5.0;
				TARGETED_DEVICE_FAMILY = "1,2";
			};
			name = Debug;
		};
		B0A15D212931D2FD0018D98B /* Release */ = {
			isa = XCBuildConfiguration;
			baseConfigurationReference = DBDC94E501492756B8919927 /* Pods-ToDoApp.release.xcconfig */;
			buildSettings = {
				ASSETCATALOG_COMPILER_APPICON_NAME = AppIcon;
				ASSETCATALOG_COMPILER_GLOBAL_ACCENT_COLOR_NAME = AccentColor;
				CODE_SIGN_STYLE = Automatic;
				CURRENT_PROJECT_VERSION = 1;
				GENERATE_INFOPLIST_FILE = YES;
				INFOPLIST_FILE = ToDoApp/Info.plist;
				INFOPLIST_KEY_UIApplicationSupportsIndirectInputEvents = YES;
				INFOPLIST_KEY_UILaunchStoryboardName = LaunchScreen.storyboard;
				INFOPLIST_KEY_UIMainStoryboardFile = LoginView;
				INFOPLIST_KEY_UISupportedInterfaceOrientations_iPad = "UIInterfaceOrientationPortrait UIInterfaceOrientationPortraitUpsideDown UIInterfaceOrientationLandscapeLeft UIInterfaceOrientationLandscapeRight";
				INFOPLIST_KEY_UISupportedInterfaceOrientations_iPhone = "UIInterfaceOrientationPortrait UIInterfaceOrientationLandscapeLeft UIInterfaceOrientationLandscapeRight";
				IPHONEOS_DEPLOYMENT_TARGET = 12.0;
				LD_RUNPATH_SEARCH_PATHS = (
					"$(inherited)",
					"@executable_path/Frameworks",
				);
				MARKETING_VERSION = 1.0;
				PRODUCT_BUNDLE_IDENTIFIER = todoForTest.com.ToDoApp;
				PRODUCT_NAME = "$(TARGET_NAME)";
				SWIFT_EMIT_LOC_STRINGS = YES;
				SWIFT_VERSION = 5.0;
				TARGETED_DEVICE_FAMILY = "1,2";
			};
			name = Release;
		};
/* End XCBuildConfiguration section */

/* Begin XCConfigurationList section */
		B0A15D062931D2FB0018D98B /* Build configuration list for PBXProject "ToDoApp" */ = {
			isa = XCConfigurationList;
			buildConfigurations = (
				B0A15D1D2931D2FD0018D98B /* Debug */,
				B0A15D1E2931D2FD0018D98B /* Release */,
			);
			defaultConfigurationIsVisible = 0;
			defaultConfigurationName = Release;
		};
		B0A15D1F2931D2FD0018D98B /* Build configuration list for PBXNativeTarget "ToDoApp" */ = {
			isa = XCConfigurationList;
			buildConfigurations = (
				B0A15D202931D2FD0018D98B /* Debug */,
				B0A15D212931D2FD0018D98B /* Release */,
			);
			defaultConfigurationIsVisible = 0;
			defaultConfigurationName = Release;
		};
/* End XCConfigurationList section */
	};
	rootObject = B0A15D032931D2FB0018D98B /* Project object */;
}
